
Microsoft Visual Studio Solution File, Format Version 12.00
# Visual Studio 15
VisualStudioVersion = 15.0.27428.2015
MinimumVisualStudioVersion = 10.0.40219.1
Project("{FAE04EC0-301F-11D3-BF4B-00C04F79EFBC}") = "KanaPractice", "KanaPractice\KanaPractice.csproj", "{8D3752B2-633C-4631-A2DD-068096388098}"
EndProject
Global
	GlobalSection(SolutionConfigurationPlatforms) = preSolution
		Debug|Any CPU = Debug|Any CPU
		Release|Any CPU = Release|Any CPU
	EndGlobalSection
	GlobalSection(ProjectConfigurationPlatforms) = postSolution
		{8D3752B2-633C-4631-A2DD-068096388098}.Debug|Any CPU.ActiveCfg = Debug|Any CPU
		{8D3752B2-633C-4631-A2DD-068096388098}.Debug|Any CPU.Build.0 = Debug|Any CPU
		{8D3752B2-633C-4631-A2DD-068096388098}.Release|Any CPU.ActiveCfg = Release|Any CPU
		{8D3752B2-633C-4631-A2DD-068096388098}.Release|Any CPU.Build.0 = Release|Any CPU
	EndGlobalSection
	GlobalSection(SolutionProperties) = preSolution
		HideSolutionNode = FALSE
	EndGlobalSection
	GlobalSection(ExtensibilityGlobals) = postSolution
		SolutionGuid = {79260671-A2E1-42DE-BCF7-F2DC0FDB67F5}
	EndGlobalSection
EndGlobal
